
Microsoft Visual Studio Solution File, Format Version 12.00
# Visual Studio 2013
VisualStudioVersion = 12.0.40629.0
MinimumVisualStudioVersion = 10.0.40219.1
Project("{FAE04EC0-301F-11D3-BF4B-00C04F79EFBC}") = "Arkansalt.GoogleServices", "Arkansalt.GoogleServices\Arkansalt.GoogleServices.csproj", "{FFA4B0C4-71D1-4765-A169-870A91D4550F}"
EndProject
Project("{FAE04EC0-301F-11D3-BF4B-00C04F79EFBC}") = "Arkansalt.Core", "Arkansalt.Core\Arkansalt.Core.csproj", "{297FD514-97B2-475F-900D-3D2CFC0F919B}"
EndProject
Project("{FAE04EC0-301F-11D3-BF4B-00C04F79EFBC}") = "Arkansalt.DevConsole", "Arkansalt.DevConsole\Arkansalt.DevConsole.csproj", "{5EFDACE4-FC57-4789-AE01-9F6FD2962782}"
EndProject
Global
	GlobalSection(SolutionConfigurationPlatforms) = preSolution
		Debug|Any CPU = Debug|Any CPU
		Release|Any CPU = Release|Any CPU
	EndGlobalSection
	GlobalSection(ProjectConfigurationPlatforms) = postSolution
		{FFA4B0C4-71D1-4765-A169-870A91D4550F}.Debug|Any CPU.ActiveCfg = Debug|Any CPU
		{FFA4B0C4-71D1-4765-A169-870A91D4550F}.Debug|Any CPU.Build.0 = Debug|Any CPU
		{FFA4B0C4-71D1-4765-A169-870A91D4550F}.Release|Any CPU.ActiveCfg = Release|Any CPU
		{FFA4B0C4-71D1-4765-A169-870A91D4550F}.Release|Any CPU.Build.0 = Release|Any CPU
		{297FD514-97B2-475F-900D-3D2CFC0F919B}.Debug|Any CPU.ActiveCfg = Debug|Any CPU
		{297FD514-97B2-475F-900D-3D2CFC0F919B}.Debug|Any CPU.Build.0 = Debug|Any CPU
		{297FD514-97B2-475F-900D-3D2CFC0F919B}.Release|Any CPU.ActiveCfg = Release|Any CPU
		{297FD514-97B2-475F-900D-3D2CFC0F919B}.Release|Any CPU.Build.0 = Release|Any CPU
		{5EFDACE4-FC57-4789-AE01-9F6FD2962782}.Debug|Any CPU.ActiveCfg = Debug|Any CPU
		{5EFDACE4-FC57-4789-AE01-9F6FD2962782}.Debug|Any CPU.Build.0 = Debug|Any CPU
		{5EFDACE4-FC57-4789-AE01-9F6FD2962782}.Release|Any CPU.ActiveCfg = Release|Any CPU
		{5EFDACE4-FC57-4789-AE01-9F6FD2962782}.Release|Any CPU.Build.0 = Release|Any CPU
	EndGlobalSection
	GlobalSection(SolutionProperties) = preSolution
		HideSolutionNode = FALSE
	EndGlobalSection
EndGlobal
